// !$*UTF8*$!
{
	archiveVersion = 1;
	classes = {
	};
	objectVersion = 56;
	objects = {

/* Begin PBXBuildFile section */
		126D6FC8292F306D004FAB0D /* AppDelegate.swift in Sources */ = {isa = PBXBuildFile; fileRef = 126D6FC7292F306D004FAB0D /* AppDelegate.swift */; };
		126D6FCA292F306D004FAB0D /* SceneDelegate.swift in Sources */ = {isa = PBXBuildFile; fileRef = 126D6FC9292F306D004FAB0D /* SceneDelegate.swift */; };
		126D6FD1292F306E004FAB0D /* Assets.xcassets in Resources */ = {isa = PBXBuildFile; fileRef = 126D6FD0292F306E004FAB0D /* Assets.xcassets */; };
		126D6FD4292F306E004FAB0D /* LaunchScreen.storyboard in Resources */ = {isa = PBXBuildFile; fileRef = 126D6FD2292F306E004FAB0D /* LaunchScreen.storyboard */; };
		126D6FE0292F31E1004FAB0D /* Moya in Frameworks */ = {isa = PBXBuildFile; productRef = 126D6FDF292F31E1004FAB0D /* Moya */; };
		126D6FE2292F31E1004FAB0D /* ReactiveMoya in Frameworks */ = {isa = PBXBuildFile; productRef = 126D6FE1292F31E1004FAB0D /* ReactiveMoya */; };
		126D6FE4292F31E1004FAB0D /* RxMoya in Frameworks */ = {isa = PBXBuildFile; productRef = 126D6FE3292F31E1004FAB0D /* RxMoya */; };
		126D6FE7292F3216004FAB0D /* RxCocoa in Frameworks */ = {isa = PBXBuildFile; productRef = 126D6FE6292F3216004FAB0D /* RxCocoa */; };
		126D6FE9292F3216004FAB0D /* RxRelay in Frameworks */ = {isa = PBXBuildFile; productRef = 126D6FE8292F3216004FAB0D /* RxRelay */; };
		126D6FEB292F3216004FAB0D /* RxSwift in Frameworks */ = {isa = PBXBuildFile; productRef = 126D6FEA292F3216004FAB0D /* RxSwift */; };
		126D6FEE292F3238004FAB0D /* SnapKit in Frameworks */ = {isa = PBXBuildFile; productRef = 126D6FED292F3238004FAB0D /* SnapKit */; };
		126D6FF1292F3261004FAB0D /* ReactorKit in Frameworks */ = {isa = PBXBuildFile; productRef = 126D6FF0292F3261004FAB0D /* ReactorKit */; };
		126D6FF4292F32A2004FAB0D /* SDWebImage in Frameworks */ = {isa = PBXBuildFile; productRef = 126D6FF3292F32A2004FAB0D /* SDWebImage */; };
		12F707AC292F370F0092E005 /* Product.swift in Sources */ = {isa = PBXBuildFile; fileRef = 12F707AB292F370F0092E005 /* Product.swift */; };
		12F707AE292F38500092E005 /* Banner.swift in Sources */ = {isa = PBXBuildFile; fileRef = 12F707AD292F38500092E005 /* Banner.swift */; };
		12F707B1292F3EC60092E005 /* BannerUseCase.swift in Sources */ = {isa = PBXBuildFile; fileRef = 12F707B0292F3EC60092E005 /* BannerUseCase.swift */; };
		12F707B3292F3F230092E005 /* ProductUseCase.swift in Sources */ = {isa = PBXBuildFile; fileRef = 12F707B2292F3F230092E005 /* ProductUseCase.swift */; };
		12F707B5292F40830092E005 /* FavoriteProductUseCase.swift in Sources */ = {isa = PBXBuildFile; fileRef = 12F707B4292F40830092E005 /* FavoriteProductUseCase.swift */; };
		12F707B7292F41380092E005 /* UseCaseProvider.swift in Sources */ = {isa = PBXBuildFile; fileRef = 12F707B6292F41380092E005 /* UseCaseProvider.swift */; };
/* End PBXBuildFile section */

/* Begin PBXFileReference section */
		126D6FC4292F306D004FAB0D /* SimpleMall.app */ = {isa = PBXFileReference; explicitFileType = wrapper.application; includeInIndex = 0; path = SimpleMall.app; sourceTree = BUILT_PRODUCTS_DIR; };
		126D6FC7292F306D004FAB0D /* AppDelegate.swift */ = {isa = PBXFileReference; lastKnownFileType = sourcecode.swift; path = AppDelegate.swift; sourceTree = "<group>"; };
		126D6FC9292F306D004FAB0D /* SceneDelegate.swift */ = {isa = PBXFileReference; lastKnownFileType = sourcecode.swift; path = SceneDelegate.swift; sourceTree = "<group>"; };
		126D6FD0292F306E004FAB0D /* Assets.xcassets */ = {isa = PBXFileReference; lastKnownFileType = folder.assetcatalog; path = Assets.xcassets; sourceTree = "<group>"; };
		126D6FD3292F306E004FAB0D /* Base */ = {isa = PBXFileReference; lastKnownFileType = file.storyboard; name = Base; path = Base.lproj/LaunchScreen.storyboard; sourceTree = "<group>"; };
		126D6FD5292F306E004FAB0D /* Info.plist */ = {isa = PBXFileReference; lastKnownFileType = text.plist.xml; path = Info.plist; sourceTree = "<group>"; };
		12F707AB292F370F0092E005 /* Product.swift */ = {isa = PBXFileReference; lastKnownFileType = sourcecode.swift; path = Product.swift; sourceTree = "<group>"; };
		12F707AD292F38500092E005 /* Banner.swift */ = {isa = PBXFileReference; lastKnownFileType = sourcecode.swift; path = Banner.swift; sourceTree = "<group>"; };
		12F707B0292F3EC60092E005 /* BannerUseCase.swift */ = {isa = PBXFileReference; lastKnownFileType = sourcecode.swift; path = BannerUseCase.swift; sourceTree = "<group>"; };
		12F707B2292F3F230092E005 /* ProductUseCase.swift */ = {isa = PBXFileReference; lastKnownFileType = sourcecode.swift; path = ProductUseCase.swift; sourceTree = "<group>"; };
		12F707B4292F40830092E005 /* FavoriteProductUseCase.swift */ = {isa = PBXFileReference; lastKnownFileType = sourcecode.swift; path = FavoriteProductUseCase.swift; sourceTree = "<group>"; };
		12F707B6292F41380092E005 /* UseCaseProvider.swift */ = {isa = PBXFileReference; lastKnownFileType = sourcecode.swift; path = UseCaseProvider.swift; sourceTree = "<group>"; };
/* End PBXFileReference section */

/* Begin PBXFrameworksBuildPhase section */
		126D6FC1292F306D004FAB0D /* Frameworks */ = {
			isa = PBXFrameworksBuildPhase;
			buildActionMask = 2147483647;
			files = (
				126D6FEB292F3216004FAB0D /* RxSwift in Frameworks */,
				126D6FE9292F3216004FAB0D /* RxRelay in Frameworks */,
				126D6FF1292F3261004FAB0D /* ReactorKit in Frameworks */,
				126D6FE4292F31E1004FAB0D /* RxMoya in Frameworks */,
				126D6FEE292F3238004FAB0D /* SnapKit in Frameworks */,
				126D6FE0292F31E1004FAB0D /* Moya in Frameworks */,
				126D6FF4292F32A2004FAB0D /* SDWebImage in Frameworks */,
				126D6FE7292F3216004FAB0D /* RxCocoa in Frameworks */,
				126D6FE2292F31E1004FAB0D /* ReactiveMoya in Frameworks */,
			);
			runOnlyForDeploymentPostprocessing = 0;
		};
/* End PBXFrameworksBuildPhase section */

/* Begin PBXGroup section */
		126D6FBB292F306D004FAB0D = {
			isa = PBXGroup;
			children = (
				126D6FC6292F306D004FAB0D /* SimpleMall */,
				126D6FC5292F306D004FAB0D /* Products */,
			);
			sourceTree = "<group>";
		};
		126D6FC5292F306D004FAB0D /* Products */ = {
			isa = PBXGroup;
			children = (
				126D6FC4292F306D004FAB0D /* SimpleMall.app */,
			);
			name = Products;
			sourceTree = "<group>";
		};
		126D6FC6292F306D004FAB0D /* SimpleMall */ = {
			isa = PBXGroup;
			children = (
				126D6FDB292F30EB004FAB0D /* Sources */,
				126D6FDD292F30F8004FAB0D /* Resources */,
			);
			path = SimpleMall;
			sourceTree = "<group>";
		};
		126D6FDB292F30EB004FAB0D /* Sources */ = {
			isa = PBXGroup;
			children = (
				126D6FDC292F30F2004FAB0D /* App */,
				12F707A9292F36DB0092E005 /* Domain */,
			);
			path = Sources;
			sourceTree = "<group>";
		};
		126D6FDC292F30F2004FAB0D /* App */ = {
			isa = PBXGroup;
			children = (
				126D6FC7292F306D004FAB0D /* AppDelegate.swift */,
				126D6FC9292F306D004FAB0D /* SceneDelegate.swift */,
			);
			path = App;
			sourceTree = "<group>";
		};
		126D6FDD292F30F8004FAB0D /* Resources */ = {
			isa = PBXGroup;
			children = (
				126D6FD0292F306E004FAB0D /* Assets.xcassets */,
				126D6FD2292F306E004FAB0D /* LaunchScreen.storyboard */,
				126D6FD5292F306E004FAB0D /* Info.plist */,
			);
			path = Resources;
			sourceTree = "<group>";
		};
		12F707A9292F36DB0092E005 /* Domain */ = {
			isa = PBXGroup;
			children = (
				12F707AA292F36FD0092E005 /* Entities */,
				12F707AF292F3EAE0092E005 /* UseCases */,
			);
			path = Domain;
			sourceTree = "<group>";
		};
		12F707AA292F36FD0092E005 /* Entities */ = {
			isa = PBXGroup;
			children = (
				12F707AB292F370F0092E005 /* Product.swift */,
				12F707AD292F38500092E005 /* Banner.swift */,
			);
			path = Entities;
			sourceTree = "<group>";
		};
		12F707AF292F3EAE0092E005 /* UseCases */ = {
			isa = PBXGroup;
			children = (
				12F707B0292F3EC60092E005 /* BannerUseCase.swift */,
				12F707B2292F3F230092E005 /* ProductUseCase.swift */,
				12F707B4292F40830092E005 /* FavoriteProductUseCase.swift */,
				12F707B6292F41380092E005 /* UseCaseProvider.swift */,
			);
			path = UseCases;
			sourceTree = "<group>";
		};
/* End PBXGroup section */

/* Begin PBXNativeTarget section */
		126D6FC3292F306D004FAB0D /* SimpleMall */ = {
			isa = PBXNativeTarget;
			buildConfigurationList = 126D6FD8292F306E004FAB0D /* Build configuration list for PBXNativeTarget "SimpleMall" */;
			buildPhases = (
				126D6FC0292F306D004FAB0D /* Sources */,
				126D6FC1292F306D004FAB0D /* Frameworks */,
				126D6FC2292F306D004FAB0D /* Resources */,
			);
			buildRules = (
			);
			dependencies = (
			);
			name = SimpleMall;
			packageProductDependencies = (
				126D6FDF292F31E1004FAB0D /* Moya */,
				126D6FE1292F31E1004FAB0D /* ReactiveMoya */,
				126D6FE3292F31E1004FAB0D /* RxMoya */,
				126D6FE6292F3216004FAB0D /* RxCocoa */,
				126D6FE8292F3216004FAB0D /* RxRelay */,
				126D6FEA292F3216004FAB0D /* RxSwift */,
				126D6FED292F3238004FAB0D /* SnapKit */,
				126D6FF0292F3261004FAB0D /* ReactorKit */,
				126D6FF3292F32A2004FAB0D /* SDWebImage */,
			);
			productName = SimpleMall;
			productReference = 126D6FC4292F306D004FAB0D /* SimpleMall.app */;
			productType = "com.apple.product-type.application";
		};
/* End PBXNativeTarget section */

/* Begin PBXProject section */
		126D6FBC292F306D004FAB0D /* Project object */ = {
			isa = PBXProject;
			attributes = {
				BuildIndependentTargetsInParallel = 1;
				LastSwiftUpdateCheck = 1410;
				LastUpgradeCheck = 1410;
				TargetAttributes = {
					126D6FC3292F306D004FAB0D = {
						CreatedOnToolsVersion = 14.1;
					};
				};
			};
			buildConfigurationList = 126D6FBF292F306D004FAB0D /* Build configuration list for PBXProject "SimpleMall" */;
			compatibilityVersion = "Xcode 14.0";
			developmentRegion = en;
			hasScannedForEncodings = 0;
			knownRegions = (
				en,
				Base,
			);
			mainGroup = 126D6FBB292F306D004FAB0D;
			packageReferences = (
				126D6FDE292F31E1004FAB0D /* XCRemoteSwiftPackageReference "Moya" */,
				126D6FE5292F3216004FAB0D /* XCRemoteSwiftPackageReference "RxSwift" */,
				126D6FEC292F3238004FAB0D /* XCRemoteSwiftPackageReference "SnapKit" */,
				126D6FEF292F3261004FAB0D /* XCRemoteSwiftPackageReference "ReactorKit" */,
				126D6FF2292F32A2004FAB0D /* XCRemoteSwiftPackageReference "SDWebImage" */,
			);
			productRefGroup = 126D6FC5292F306D004FAB0D /* Products */;
			projectDirPath = "";
			projectRoot = "";
			targets = (
				126D6FC3292F306D004FAB0D /* SimpleMall */,
			);
		};
/* End PBXProject section */

/* Begin PBXResourcesBuildPhase section */
		126D6FC2292F306D004FAB0D /* Resources */ = {
			isa = PBXResourcesBuildPhase;
			buildActionMask = 2147483647;
			files = (
				126D6FD4292F306E004FAB0D /* LaunchScreen.storyboard in Resources */,
				126D6FD1292F306E004FAB0D /* Assets.xcassets in Resources */,
			);
			runOnlyForDeploymentPostprocessing = 0;
		};
/* End PBXResourcesBuildPhase section */

/* Begin PBXSourcesBuildPhase section */
		126D6FC0292F306D004FAB0D /* Sources */ = {
			isa = PBXSourcesBuildPhase;
			buildActionMask = 2147483647;
			files = (
				126D6FC8292F306D004FAB0D /* AppDelegate.swift in Sources */,
				12F707B5292F40830092E005 /* FavoriteProductUseCase.swift in Sources */,
				12F707AE292F38500092E005 /* Banner.swift in Sources */,
				126D6FCA292F306D004FAB0D /* SceneDelegate.swift in Sources */,
				12F707B7292F41380092E005 /* UseCaseProvider.swift in Sources */,
				12F707B3292F3F230092E005 /* ProductUseCase.swift in Sources */,
				12F707B1292F3EC60092E005 /* BannerUseCase.swift in Sources */,
				12F707AC292F370F0092E005 /* Product.swift in Sources */,
			);
			runOnlyForDeploymentPostprocessing = 0;
		};
/* End PBXSourcesBuildPhase section */

/* Begin PBXVariantGroup section */
		126D6FD2292F306E004FAB0D /* LaunchScreen.storyboard */ = {
			isa = PBXVariantGroup;
			children = (
				126D6FD3292F306E004FAB0D /* Base */,
			);
			name = LaunchScreen.storyboard;
			sourceTree = "<group>";
		};
/* End PBXVariantGroup section */

/* Begin XCBuildConfiguration section */
		126D6FD6292F306E004FAB0D /* Debug */ = {
			isa = XCBuildConfiguration;
			buildSettings = {
				ALWAYS_SEARCH_USER_PATHS = NO;
				CLANG_ANALYZER_NONNULL = YES;
				CLANG_ANALYZER_NUMBER_OBJECT_CONVERSION = YES_AGGRESSIVE;
				CLANG_CXX_LANGUAGE_STANDARD = "gnu++20";
				CLANG_ENABLE_MODULES = YES;
				CLANG_ENABLE_OBJC_ARC = YES;
				CLANG_ENABLE_OBJC_WEAK = YES;
				CLANG_WARN_BLOCK_CAPTURE_AUTORELEASING = YES;
				CLANG_WARN_BOOL_CONVERSION = YES;
				CLANG_WARN_COMMA = YES;
				CLANG_WARN_CONSTANT_CONVERSION = YES;
				CLANG_WARN_DEPRECATED_OBJC_IMPLEMENTATIONS = YES;
				CLANG_WARN_DIRECT_OBJC_ISA_USAGE = YES_ERROR;
				CLANG_WARN_DOCUMENTATION_COMMENTS = YES;
				CLANG_WARN_EMPTY_BODY = YES;
				CLANG_WARN_ENUM_CONVERSION = YES;
				CLANG_WARN_INFINITE_RECURSION = YES;
				CLANG_WARN_INT_CONVERSION = YES;
				CLANG_WARN_NON_LITERAL_NULL_CONVERSION = YES;
				CLANG_WARN_OBJC_IMPLICIT_RETAIN_SELF = YES;
				CLANG_WARN_OBJC_LITERAL_CONVERSION = YES;
				CLANG_WARN_OBJC_ROOT_CLASS = YES_ERROR;
				CLANG_WARN_QUOTED_INCLUDE_IN_FRAMEWORK_HEADER = YES;
				CLANG_WARN_RANGE_LOOP_ANALYSIS = YES;
				CLANG_WARN_STRICT_PROTOTYPES = YES;
				CLANG_WARN_SUSPICIOUS_MOVE = YES;
				CLANG_WARN_UNGUARDED_AVAILABILITY = YES_AGGRESSIVE;
				CLANG_WARN_UNREACHABLE_CODE = YES;
				CLANG_WARN__DUPLICATE_METHOD_MATCH = YES;
				COPY_PHASE_STRIP = NO;
				DEBUG_INFORMATION_FORMAT = dwarf;
				ENABLE_STRICT_OBJC_MSGSEND = YES;
				ENABLE_TESTABILITY = YES;
				GCC_C_LANGUAGE_STANDARD = gnu11;
				GCC_DYNAMIC_NO_PIC = NO;
				GCC_NO_COMMON_BLOCKS = YES;
				GCC_OPTIMIZATION_LEVEL = 0;
				GCC_PREPROCESSOR_DEFINITIONS = (
					"DEBUG=1",
					"$(inherited)",
				);
				GCC_WARN_64_TO_32_BIT_CONVERSION = YES;
				GCC_WARN_ABOUT_RETURN_TYPE = YES_ERROR;
				GCC_WARN_UNDECLARED_SELECTOR = YES;
				GCC_WARN_UNINITIALIZED_AUTOS = YES_AGGRESSIVE;
				GCC_WARN_UNUSED_FUNCTION = YES;
				GCC_WARN_UNUSED_VARIABLE = YES;
				IPHONEOS_DEPLOYMENT_TARGET = 16.1;
				MTL_ENABLE_DEBUG_INFO = INCLUDE_SOURCE;
				MTL_FAST_MATH = YES;
				ONLY_ACTIVE_ARCH = YES;
				SDKROOT = iphoneos;
				SWIFT_ACTIVE_COMPILATION_CONDITIONS = DEBUG;
				SWIFT_OPTIMIZATION_LEVEL = "-Onone";
			};
			name = Debug;
		};
		126D6FD7292F306E004FAB0D /* Release */ = {
			isa = XCBuildConfiguration;
			buildSettings = {
				ALWAYS_SEARCH_USER_PATHS = NO;
				CLANG_ANALYZER_NONNULL = YES;
				CLANG_ANALYZER_NUMBER_OBJECT_CONVERSION = YES_AGGRESSIVE;
				CLANG_CXX_LANGUAGE_STANDARD = "gnu++20";
				CLANG_ENABLE_MODULES = YES;
				CLANG_ENABLE_OBJC_ARC = YES;
				CLANG_ENABLE_OBJC_WEAK = YES;
				CLANG_WARN_BLOCK_CAPTURE_AUTORELEASING = YES;
				CLANG_WARN_BOOL_CONVERSION = YES;
				CLANG_WARN_COMMA = YES;
				CLANG_WARN_CONSTANT_CONVERSION = YES;
				CLANG_WARN_DEPRECATED_OBJC_IMPLEMENTATIONS = YES;
				CLANG_WARN_DIRECT_OBJC_ISA_USAGE = YES_ERROR;
				CLANG_WARN_DOCUMENTATION_COMMENTS = YES;
				CLANG_WARN_EMPTY_BODY = YES;
				CLANG_WARN_ENUM_CONVERSION = YES;
				CLANG_WARN_INFINITE_RECURSION = YES;
				CLANG_WARN_INT_CONVERSION = YES;
				CLANG_WARN_NON_LITERAL_NULL_CONVERSION = YES;
				CLANG_WARN_OBJC_IMPLICIT_RETAIN_SELF = YES;
				CLANG_WARN_OBJC_LITERAL_CONVERSION = YES;
				CLANG_WARN_OBJC_ROOT_CLASS = YES_ERROR;
				CLANG_WARN_QUOTED_INCLUDE_IN_FRAMEWORK_HEADER = YES;
				CLANG_WARN_RANGE_LOOP_ANALYSIS = YES;
				CLANG_WARN_STRICT_PROTOTYPES = YES;
				CLANG_WARN_SUSPICIOUS_MOVE = YES;
				CLANG_WARN_UNGUARDED_AVAILABILITY = YES_AGGRESSIVE;
				CLANG_WARN_UNREACHABLE_CODE = YES;
				CLANG_WARN__DUPLICATE_METHOD_MATCH = YES;
				COPY_PHASE_STRIP = NO;
				DEBUG_INFORMATION_FORMAT = "dwarf-with-dsym";
				ENABLE_NS_ASSERTIONS = NO;
				ENABLE_STRICT_OBJC_MSGSEND = YES;
				GCC_C_LANGUAGE_STANDARD = gnu11;
				GCC_NO_COMMON_BLOCKS = YES;
				GCC_WARN_64_TO_32_BIT_CONVERSION = YES;
				GCC_WARN_ABOUT_RETURN_TYPE = YES_ERROR;
				GCC_WARN_UNDECLARED_SELECTOR = YES;
				GCC_WARN_UNINITIALIZED_AUTOS = YES_AGGRESSIVE;
				GCC_WARN_UNUSED_FUNCTION = YES;
				GCC_WARN_UNUSED_VARIABLE = YES;
				IPHONEOS_DEPLOYMENT_TARGET = 16.1;
				MTL_ENABLE_DEBUG_INFO = NO;
				MTL_FAST_MATH = YES;
				SDKROOT = iphoneos;
				SWIFT_COMPILATION_MODE = wholemodule;
				SWIFT_OPTIMIZATION_LEVEL = "-O";
				VALIDATE_PRODUCT = YES;
			};
			name = Release;
		};
		126D6FD9292F306E004FAB0D /* Debug */ = {
			isa = XCBuildConfiguration;
			buildSettings = {
				ASSETCATALOG_COMPILER_APPICON_NAME = AppIcon;
				ASSETCATALOG_COMPILER_GLOBAL_ACCENT_COLOR_NAME = AccentColor;
				CODE_SIGN_STYLE = Automatic;
				CURRENT_PROJECT_VERSION = 1;
				DEVELOPMENT_TEAM = 8G2M9BCKK9;
				GENERATE_INFOPLIST_FILE = YES;
				INFOPLIST_FILE = SimpleMall/Resources/Info.plist;
				INFOPLIST_KEY_UIApplicationSupportsIndirectInputEvents = YES;
				INFOPLIST_KEY_UILaunchStoryboardName = LaunchScreen;
				INFOPLIST_KEY_UISupportedInterfaceOrientations_iPad = "UIInterfaceOrientationPortrait UIInterfaceOrientationPortraitUpsideDown UIInterfaceOrientationLandscapeLeft UIInterfaceOrientationLandscapeRight";
				INFOPLIST_KEY_UISupportedInterfaceOrientations_iPhone = "UIInterfaceOrientationPortrait UIInterfaceOrientationLandscapeLeft UIInterfaceOrientationLandscapeRight";
				IPHONEOS_DEPLOYMENT_TARGET = 14.0;
				LD_RUNPATH_SEARCH_PATHS = (
					"$(inherited)",
					"@executable_path/Frameworks",
				);
				MARKETING_VERSION = 1.0;
				PRODUCT_BUNDLE_IDENTIFIER = com.son.SimpleMall;
				PRODUCT_NAME = "$(TARGET_NAME)";
				SWIFT_EMIT_LOC_STRINGS = YES;
				SWIFT_VERSION = 5.0;
				TARGETED_DEVICE_FAMILY = "1,2";
			};
			name = Debug;
		};
		126D6FDA292F306E004FAB0D /* Release */ = {
			isa = XCBuildConfiguration;
			buildSettings = {
				ASSETCATALOG_COMPILER_APPICON_NAME = AppIcon;
				ASSETCATALOG_COMPILER_GLOBAL_ACCENT_COLOR_NAME = AccentColor;
				CODE_SIGN_STYLE = Automatic;
				CURRENT_PROJECT_VERSION = 1;
				DEVELOPMENT_TEAM = 8G2M9BCKK9;
				GENERATE_INFOPLIST_FILE = YES;
				INFOPLIST_FILE = SimpleMall/Resources/Info.plist;
				INFOPLIST_KEY_UIApplicationSupportsIndirectInputEvents = YES;
				INFOPLIST_KEY_UILaunchStoryboardName = LaunchScreen;
				INFOPLIST_KEY_UISupportedInterfaceOrientations_iPad = "UIInterfaceOrientationPortrait UIInterfaceOrientationPortraitUpsideDown UIInterfaceOrientationLandscapeLeft UIInterfaceOrientationLandscapeRight";
				INFOPLIST_KEY_UISupportedInterfaceOrientations_iPhone = "UIInterfaceOrientationPortrait UIInterfaceOrientationLandscapeLeft UIInterfaceOrientationLandscapeRight";
				IPHONEOS_DEPLOYMENT_TARGET = 14.0;
				LD_RUNPATH_SEARCH_PATHS = (
					"$(inherited)",
					"@executable_path/Frameworks",
				);
				MARKETING_VERSION = 1.0;
				PRODUCT_BUNDLE_IDENTIFIER = com.son.SimpleMall;
				PRODUCT_NAME = "$(TARGET_NAME)";
				SWIFT_EMIT_LOC_STRINGS = YES;
				SWIFT_VERSION = 5.0;
				TARGETED_DEVICE_FAMILY = "1,2";
			};
			name = Release;
		};
/* End XCBuildConfiguration section */

/* Begin XCConfigurationList section */
		126D6FBF292F306D004FAB0D /* Build configuration list for PBXProject "SimpleMall" */ = {
			isa = XCConfigurationList;
			buildConfigurations = (
				126D6FD6292F306E004FAB0D /* Debug */,
				126D6FD7292F306E004FAB0D /* Release */,
			);
			defaultConfigurationIsVisible = 0;
			defaultConfigurationName = Release;
		};
		126D6FD8292F306E004FAB0D /* Build configuration list for PBXNativeTarget "SimpleMall" */ = {
			isa = XCConfigurationList;
			buildConfigurations = (
				126D6FD9292F306E004FAB0D /* Debug */,
				126D6FDA292F306E004FAB0D /* Release */,
			);
			defaultConfigurationIsVisible = 0;
			defaultConfigurationName = Release;
		};
/* End XCConfigurationList section */

/* Begin XCRemoteSwiftPackageReference section */
		126D6FDE292F31E1004FAB0D /* XCRemoteSwiftPackageReference "Moya" */ = {
			isa = XCRemoteSwiftPackageReference;
			repositoryURL = "https://github.com/Moya/Moya.git";
			requirement = {
				kind = upToNextMajorVersion;
				minimumVersion = 15.0.0;
			};
		};
		126D6FE5292F3216004FAB0D /* XCRemoteSwiftPackageReference "RxSwift" */ = {
			isa = XCRemoteSwiftPackageReference;
			repositoryURL = "https://github.com/ReactiveX/RxSwift.git";
			requirement = {
				kind = exactVersion;
				version = 6.5.0;
			};
		};
		126D6FEC292F3238004FAB0D /* XCRemoteSwiftPackageReference "SnapKit" */ = {
			isa = XCRemoteSwiftPackageReference;
			repositoryURL = "https://github.com/SnapKit/SnapKit.git";
			requirement = {
				kind = upToNextMajorVersion;
				minimumVersion = 5.0.1;
			};
		};
		126D6FEF292F3261004FAB0D /* XCRemoteSwiftPackageReference "ReactorKit" */ = {
			isa = XCRemoteSwiftPackageReference;
			repositoryURL = "https://github.com/ReactorKit/ReactorKit.git";
			requirement = {
				kind = upToNextMajorVersion;
				minimumVersion = 3.0.0;
			};
		};
		126D6FF2292F32A2004FAB0D /* XCRemoteSwiftPackageReference "SDWebImage" */ = {
			isa = XCRemoteSwiftPackageReference;
			repositoryURL = "https://github.com/SDWebImage/SDWebImage.git";
			requirement = {
				kind = upToNextMajorVersion;
				minimumVersion = 5.1.0;
			};
		};
/* End XCRemoteSwiftPackageReference section */

/* Begin XCSwiftPackageProductDependency section */
		126D6FDF292F31E1004FAB0D /* Moya */ = {
			isa = XCSwiftPackageProductDependency;
			package = 126D6FDE292F31E1004FAB0D /* XCRemoteSwiftPackageReference "Moya" */;
			productName = Moya;
		};
		126D6FE1292F31E1004FAB0D /* ReactiveMoya */ = {
			isa = XCSwiftPackageProductDependency;
			package = 126D6FDE292F31E1004FAB0D /* XCRemoteSwiftPackageReference "Moya" */;
			productName = ReactiveMoya;
		};
		126D6FE3292F31E1004FAB0D /* RxMoya */ = {
			isa = XCSwiftPackageProductDependency;
			package = 126D6FDE292F31E1004FAB0D /* XCRemoteSwiftPackageReference "Moya" */;
			productName = RxMoya;
		};
		126D6FE6292F3216004FAB0D /* RxCocoa */ = {
			isa = XCSwiftPackageProductDependency;
			package = 126D6FE5292F3216004FAB0D /* XCRemoteSwiftPackageReference "RxSwift" */;
			productName = RxCocoa;
		};
		126D6FE8292F3216004FAB0D /* RxRelay */ = {
			isa = XCSwiftPackageProductDependency;
			package = 126D6FE5292F3216004FAB0D /* XCRemoteSwiftPackageReference "RxSwift" */;
			productName = RxRelay;
		};
		126D6FEA292F3216004FAB0D /* RxSwift */ = {
			isa = XCSwiftPackageProductDependency;
			package = 126D6FE5292F3216004FAB0D /* XCRemoteSwiftPackageReference "RxSwift" */;
			productName = RxSwift;
		};
		126D6FED292F3238004FAB0D /* SnapKit */ = {
			isa = XCSwiftPackageProductDependency;
			package = 126D6FEC292F3238004FAB0D /* XCRemoteSwiftPackageReference "SnapKit" */;
			productName = SnapKit;
		};
		126D6FF0292F3261004FAB0D /* ReactorKit */ = {
			isa = XCSwiftPackageProductDependency;
			package = 126D6FEF292F3261004FAB0D /* XCRemoteSwiftPackageReference "ReactorKit" */;
			productName = ReactorKit;
		};
		126D6FF3292F32A2004FAB0D /* SDWebImage */ = {
			isa = XCSwiftPackageProductDependency;
			package = 126D6FF2292F32A2004FAB0D /* XCRemoteSwiftPackageReference "SDWebImage" */;
			productName = SDWebImage;
		};
/* End XCSwiftPackageProductDependency section */
	};
	rootObject = 126D6FBC292F306D004FAB0D /* Project object */;
}
